
Microsoft Visual Studio Solution File, Format Version 12.00
# Visual Studio Version 17
VisualStudioVersion = 17.1.32414.318
MinimumVisualStudioVersion = 10.0.40219.1
Project("{FAE04EC0-301F-11D3-BF4B-00C04F79EFBC}") = "WordListProcessor", "WordListProcessor\WordListProcessor.csproj", "{520CEB43-47AD-4B68-8039-DF9D62F76524}"
EndProject
Global
	GlobalSection(SolutionConfigurationPlatforms) = preSolution
		Debug|Any CPU = Debug|Any CPU
		Release|Any CPU = Release|Any CPU
	EndGlobalSection
	GlobalSection(ProjectConfigurationPlatforms) = postSolution
		{520CEB43-47AD-4B68-8039-DF9D62F76524}.Debug|Any CPU.ActiveCfg = Debug|Any CPU
		{520CEB43-47AD-4B68-8039-DF9D62F76524}.Debug|Any CPU.Build.0 = Debug|Any CPU
		{520CEB43-47AD-4B68-8039-DF9D62F76524}.Release|Any CPU.ActiveCfg = Release|Any CPU
		{520CEB43-47AD-4B68-8039-DF9D62F76524}.Release|Any CPU.Build.0 = Release|Any CPU
	EndGlobalSection
	GlobalSection(SolutionProperties) = preSolution
		HideSolutionNode = FALSE
	EndGlobalSection
	GlobalSection(ExtensibilityGlobals) = postSolution
		SolutionGuid = {61F8F695-B815-48C9-BADC-C394637F8151}
	EndGlobalSection
EndGlobal
